<?xml version="1.0" encoding="utf-8"?>
<Project ToolsVersion="4.0" xmlns="http://schemas.microsoft.com/developer/msbuild/2003">
  <ItemGroup>
    <Filter Include="ImGui">
      <UniqueIdentifier>{C0FF640D-2C14-8DBE-F595-301E616989EF}</UniqueIdentifier>
    </Filter>
    <Filter Include="Platform">
      <UniqueIdentifier>{2AC788B4-1694-E3BF-3FAD-D1672BD9184E}</UniqueIdentifier>
    </Filter>
    <Filter Include="Platform\Windows">
      <UniqueIdentifier>{64FBD71A-50F4-F66C-7926-DCF1657ED678}</UniqueIdentifier>
    </Filter>
    <Filter Include="Void">
      <UniqueIdentifier>{371E8E7C-2355-8F0D-CC41-7510B8570B0F}</UniqueIdentifier>
    </Filter>
    <Filter Include="Void\Events">
      <UniqueIdentifier>{3BC65A55-A77B-D34A-3070-CD219C24CA4E}</UniqueIdentifier>
    </Filter>
  </ItemGroup>
  <ItemGroup>
    <ClInclude Include="Source\ImGui\ImGuiLayer.h">
      <Filter>ImGui</Filter>
    </ClInclude>
    <ClInclude Include="Source\Platform\Windows\WindowsInput.h">
      <Filter>Platform\Windows</Filter>
    </ClInclude>
    <ClInclude Include="Source\Platform\Windows\WindowsWindow.h">
      <Filter>Platform\Windows</Filter>
    </ClInclude>
    <ClInclude Include="Source\Void.h" />
    <ClInclude Include="Source\Void\Application.h">
      <Filter>Void</Filter>
    </ClInclude>
    <ClInclude Include="Source\Void\Core.h">
      <Filter>Void</Filter>
    </ClInclude>
    <ClInclude Include="Source\Void\EntryPoint.h">
      <Filter>Void</Filter>
    </ClInclude>
    <ClInclude Include="Source\Void\Events\ApplicationEvent.h">
      <Filter>Void\Events</Filter>
    </ClInclude>
    <ClInclude Include="Source\Void\Events\Event.h">
      <Filter>Void\Events</Filter>
    </ClInclude>
    <ClInclude Include="Source\Void\Events\KeyboardEvent.h">
      <Filter>Void\Events</Filter>
    </ClInclude>
    <ClInclude Include="Source\Void\Events\MouseEvent.h">
      <Filter>Void\Events</Filter>
    </ClInclude>
    <ClInclude Include="Source\Void\Input.h">
      <Filter>Void</Filter>
    </ClInclude>
    <ClInclude Include="Source\Void\KeyCodes.h">
      <Filter>Void</Filter>
    </ClInclude>
    <ClInclude Include="Source\Void\Layer.h">
      <Filter>Void</Filter>
    </ClInclude>
    <ClInclude Include="Source\Void\LayerStack.h">
      <Filter>Void</Filter>
    </ClInclude>
    <ClInclude Include="Source\Void\Log.h">
      <Filter>Void</Filter>
    </ClInclude>
    <ClInclude Include="Source\Void\MouseButtonCodes.h">
      <Filter>Void</Filter>
    </ClInclude>
    <ClInclude Include="Source\Void\Window.h">
      <Filter>Void</Filter>
    </ClInclude>
    <ClInclude Include="Source\vdpch.h" />
    <ClInclude Include="Source\Renderer\RenderContext.h" />
    <ClInclude Include="Source\Platform\OpenGL\OpenGLContext.h" />
    <ClInclude Include="Source\Renderer\Shader.h" />
    <ClInclude Include="Source\Renderer\VertexBuffer.h" />
    <ClInclude Include="Source\Renderer\IndexBuffer.h" />
    <ClInclude Include="Source\Platform\OpenGL\OpenGLVertexBuffer.h" />
    <ClInclude Include="Source\Platform\OpenGL\OpenGLIndexBuffer.h" />
    <ClInclude Include="Source\Renderer\Renderer.h" />
    <ClInclude Include="Source\Renderer\VertexArray.h" />
    <ClInclude Include="Source\Platform\OpenGL\OpenGLVertexArray.h" />
    <ClInclude Include="Source\Renderer\RendererAPI.h" />
    <ClInclude Include="Source\Renderer\RenderCommand.h" />
    <ClInclude Include="Source\Platform\OpenGL\OpenGLRendererAPI.h" />
    <ClInclude Include="Source\Renderer\OrthoCamera.h" />
  </ItemGroup>
  <ItemGroup>
    <ClCompile Include="Source\ImGui\ImGuiBuild.cpp">
      <Filter>ImGui</Filter>
    </ClCompile>
    <ClCompile Include="Source\ImGui\ImGuiLayer.cpp">
      <Filter>ImGui</Filter>
    </ClCompile>
    <ClCompile Include="Source\Platform\Windows\WindowsInput.cpp">
      <Filter>Platform\Windows</Filter>
    </ClCompile>
    <ClCompile Include="Source\Platform\Windows\WindowsWindow.cpp">
      <Filter>Platform\Windows</Filter>
    </ClCompile>
    <ClCompile Include="Source\Void\Application.cpp">
      <Filter>Void</Filter>
    </ClCompile>
    <ClCompile Include="Source\Void\Layer.cpp">
      <Filter>Void</Filter>
    </ClCompile>
    <ClCompile Include="Source\Void\LayerStack.cpp">
      <Filter>Void</Filter>
    </ClCompile>
    <ClCompile Include="Source\Void\Log.cpp">
      <Filter>Void</Filter>
    </ClCompile>
    <ClCompile Include="Source\vdpch.cpp" />
    <ClCompile Include="Source\Platform\OpenGL\OpenGLContext.cpp" />
    <ClCompile Include="Source\Renderer\Shader.cpp" />
    <ClCompile Include="Source\Renderer\VertexBuffer.cpp" />
    <ClCompile Include="Source\Renderer\IndexBuffer.cpp" />
    <ClCompile Include="Source\Platform\OpenGL\OpenGLVertexBuffer.cpp" />
    <ClCompile Include="Source\Renderer\Renderer.cpp" />
    <ClCompile Include="Source\Renderer\VertexArray.cpp" />
    <ClCompile Include="Source\Platform\OpenGL\OpenGLVertexArray.cpp" />
    <ClCompile Include="Source\Platform\OpenGL\OpenGLIndexBuffer.cpp" />
    <ClCompile Include="Source\Renderer\RendererAPI.cpp" />
    <ClCompile Include="Source\Renderer\RenderCommand.cpp" />
    <ClCompile Include="Source\Platform\OpenGL\OpenGLRendererAPI.cpp" />
    <ClCompile Include="Source\Renderer\OrthoCamera.cpp" />
  </ItemGroup>
</Project>