<?xml version="1.0" encoding="utf-8"?>
<Project ToolsVersion="4.0" xmlns="http://schemas.microsoft.com/developer/msbuild/2003">
  <ItemGroup>
    <Filter Include="Void">
      <UniqueIdentifier>{371E8E7C-2355-8F0D-CC41-7510B8570B0F}</UniqueIdentifier>
    </Filter>
    <Filter Include="Void\Events">
      <UniqueIdentifier>{3BC65A55-A77B-D34A-3070-CD219C24CA4E}</UniqueIdentifier>
    </Filter>
  </ItemGroup>
  <ItemGroup>
    <ClInclude Include="Source\Void.h" />
    <ClInclude Include="Source\Void\Application.h">
      <Filter>Void</Filter>
    </ClInclude>
    <ClInclude Include="Source\Void\Core.h">
      <Filter>Void</Filter>
    </ClInclude>
    <ClInclude Include="Source\Void\EntryPoint.h">
      <Filter>Void</Filter>
    </ClInclude>
    <ClInclude Include="Source\Void\Events\ApplicationEvent.h">
      <Filter>Void\Events</Filter>
    </ClInclude>
    <ClInclude Include="Source\Void\Events\Event.h">
      <Filter>Void\Events</Filter>
    </ClInclude>
    <ClInclude Include="Source\Void\Events\KeyboardEvent.h">
      <Filter>Void\Events</Filter>
    </ClInclude>
    <ClInclude Include="Source\Void\Events\MouseEvent.h">
      <Filter>Void\Events</Filter>
    </ClInclude>
    <ClInclude Include="Source\Void\Log.h">
      <Filter>Void</Filter>
    </ClInclude>
    <ClInclude Include="Source\vdpch.h" />
  </ItemGroup>
  <ItemGroup>
    <ClCompile Include="Source\Void\Application.cpp">
      <Filter>Void</Filter>
    </ClCompile>
    <ClCompile Include="Source\Void\Log.cpp">
      <Filter>Void</Filter>
    </ClCompile>
    <ClCompile Include="Source\vdpch.cpp" />
  </ItemGroup>
</Project>